
Microsoft Visual Studio Solution File, Format Version 12.00
# Visual Studio 15
VisualStudioVersion = 15.0.28010.2036
MinimumVisualStudioVersion = 10.0.40219.1
Project("{8BC9CEB8-8B4A-11D0-8D11-00A0C91BC942}") = "Lab2_2", "Lab2_2\Lab2_2.vcxproj", "{FA15A37B-04AE-40B3-A83D-51559E99CA60}"
EndProject
Global
	GlobalSection(SolutionConfigurationPlatforms) = preSolution
		Debug|x64 = Debug|x64
		Debug|x86 = Debug|x86
		Release|x64 = Release|x64
		Release|x86 = Release|x86
	EndGlobalSection
	GlobalSection(ProjectConfigurationPlatforms) = postSolution
		{FA15A37B-04AE-40B3-A83D-51559E99CA60}.Debug|x64.ActiveCfg = Debug|x64
		{FA15A37B-04AE-40B3-A83D-51559E99CA60}.Debug|x64.Build.0 = Debug|x64
		{FA15A37B-04AE-40B3-A83D-51559E99CA60}.Debug|x86.ActiveCfg = Debug|Win32
		{FA15A37B-04AE-40B3-A83D-51559E99CA60}.Debug|x86.Build.0 = Debug|Win32
		{FA15A37B-04AE-40B3-A83D-51559E99CA60}.Release|x64.ActiveCfg = Release|x64
		{FA15A37B-04AE-40B3-A83D-51559E99CA60}.Release|x64.Build.0 = Release|x64
		{FA15A37B-04AE-40B3-A83D-51559E99CA60}.Release|x86.ActiveCfg = Release|Win32
		{FA15A37B-04AE-40B3-A83D-51559E99CA60}.Release|x86.Build.0 = Release|Win32
	EndGlobalSection
	GlobalSection(SolutionProperties) = preSolution
		HideSolutionNode = FALSE
	EndGlobalSection
	GlobalSection(ExtensibilityGlobals) = postSolution
		SolutionGuid = {6EBDFBFA-B38E-4F6F-86E8-AF8921F09E2D}
	EndGlobalSection
EndGlobal
